// !$*UTF8*$!
{
	archiveVersion = 1;
	classes = {
	};
	objectVersion = 56;
	objects = {

/* Begin PBXBuildFile section */
		271ECED42A99DBE200F25B7F /* recipe_blog_trial_projectApp.swift in Sources */ = {isa = PBXBuildFile; fileRef = 271ECED32A99DBE200F25B7F /* recipe_blog_trial_projectApp.swift */; };
		271ECED82A99DBE300F25B7F /* Assets.xcassets in Resources */ = {isa = PBXBuildFile; fileRef = 271ECED72A99DBE300F25B7F /* Assets.xcassets */; };
		271ECEDB2A99DBE300F25B7F /* Preview Assets.xcassets in Resources */ = {isa = PBXBuildFile; fileRef = 271ECEDA2A99DBE300F25B7F /* Preview Assets.xcassets */; };
		271ECEE32A99DD3600F25B7F /* FirebaseAuth in Frameworks */ = {isa = PBXBuildFile; productRef = 271ECEE22A99DD3600F25B7F /* FirebaseAuth */; };
		271ECEE52A99DD3600F25B7F /* FirebaseDatabase in Frameworks */ = {isa = PBXBuildFile; productRef = 271ECEE42A99DD3600F25B7F /* FirebaseDatabase */; };
		271ECEE72A99DD3600F25B7F /* FirebaseDatabaseSwift in Frameworks */ = {isa = PBXBuildFile; productRef = 271ECEE62A99DD3600F25B7F /* FirebaseDatabaseSwift */; };
		271ECEE92A99DD3600F25B7F /* FirebaseFirestore in Frameworks */ = {isa = PBXBuildFile; productRef = 271ECEE82A99DD3600F25B7F /* FirebaseFirestore */; };
		271ECEEB2A99DD3600F25B7F /* FirebaseFirestoreSwift in Frameworks */ = {isa = PBXBuildFile; productRef = 271ECEEA2A99DD3600F25B7F /* FirebaseFirestoreSwift */; };
		271ECEED2A99DE0700F25B7F /* GoogleService-Info.plist in Resources */ = {isa = PBXBuildFile; fileRef = 271ECEEC2A99DE0700F25B7F /* GoogleService-Info.plist */; };
		271ECEF22A99E86900F25B7F /* User.swift in Sources */ = {isa = PBXBuildFile; fileRef = 271ECEF12A99E86900F25B7F /* User.swift */; };
		271ECEF42A99E87100F25B7F /* Recipe.swift in Sources */ = {isa = PBXBuildFile; fileRef = 271ECEF32A99E87100F25B7F /* Recipe.swift */; };
		271ECEF62A99E87F00F25B7F /* StartView.swift in Sources */ = {isa = PBXBuildFile; fileRef = 271ECEF52A99E87F00F25B7F /* StartView.swift */; };
		271ECEF92A99E89F00F25B7F /* LoginView.swift in Sources */ = {isa = PBXBuildFile; fileRef = 271ECEF82A99E89F00F25B7F /* LoginView.swift */; };
		271ECEFB2A99E8AB00F25B7F /* SignUpView.swift in Sources */ = {isa = PBXBuildFile; fileRef = 271ECEFA2A99E8AB00F25B7F /* SignUpView.swift */; };
		271ECEFD2A99E8B500F25B7F /* ContentView.swift in Sources */ = {isa = PBXBuildFile; fileRef = 271ECEFC2A99E8B500F25B7F /* ContentView.swift */; };
		271ECEFF2A99E8BD00F25B7F /* RecipeDetailView.swift in Sources */ = {isa = PBXBuildFile; fileRef = 271ECEFE2A99E8BD00F25B7F /* RecipeDetailView.swift */; };
		271ECF012A99E92900F25B7F /* RecipeViewModel.swift in Sources */ = {isa = PBXBuildFile; fileRef = 271ECF002A99E92900F25B7F /* RecipeViewModel.swift */; };
		271ECF052A9A067700F25B7F /* AddRecipeView.swift in Sources */ = {isa = PBXBuildFile; fileRef = 271ECF042A9A067600F25B7F /* AddRecipeView.swift */; };
		271ECF072A9A0EED00F25B7F /* ParentView.swift in Sources */ = {isa = PBXBuildFile; fileRef = 271ECF062A9A0EED00F25B7F /* ParentView.swift */; };
/* End PBXBuildFile section */

/* Begin PBXFileReference section */
		271ECED02A99DBE200F25B7F /* recipe-blog-trial-project.app */ = {isa = PBXFileReference; explicitFileType = wrapper.application; includeInIndex = 0; path = "recipe-blog-trial-project.app"; sourceTree = BUILT_PRODUCTS_DIR; };
		271ECED32A99DBE200F25B7F /* recipe_blog_trial_projectApp.swift */ = {isa = PBXFileReference; lastKnownFileType = sourcecode.swift; path = recipe_blog_trial_projectApp.swift; sourceTree = "<group>"; };
		271ECED72A99DBE300F25B7F /* Assets.xcassets */ = {isa = PBXFileReference; lastKnownFileType = folder.assetcatalog; path = Assets.xcassets; sourceTree = "<group>"; };
		271ECEDA2A99DBE300F25B7F /* Preview Assets.xcassets */ = {isa = PBXFileReference; lastKnownFileType = folder.assetcatalog; path = "Preview Assets.xcassets"; sourceTree = "<group>"; };
		271ECEEC2A99DE0700F25B7F /* GoogleService-Info.plist */ = {isa = PBXFileReference; fileEncoding = 4; lastKnownFileType = text.plist.xml; path = "GoogleService-Info.plist"; sourceTree = "<group>"; };
		271ECEF12A99E86900F25B7F /* User.swift */ = {isa = PBXFileReference; lastKnownFileType = sourcecode.swift; path = User.swift; sourceTree = "<group>"; };
		271ECEF32A99E87100F25B7F /* Recipe.swift */ = {isa = PBXFileReference; lastKnownFileType = sourcecode.swift; path = Recipe.swift; sourceTree = "<group>"; };
		271ECEF52A99E87F00F25B7F /* StartView.swift */ = {isa = PBXFileReference; lastKnownFileType = sourcecode.swift; path = StartView.swift; sourceTree = "<group>"; };
		271ECEF82A99E89F00F25B7F /* LoginView.swift */ = {isa = PBXFileReference; lastKnownFileType = sourcecode.swift; path = LoginView.swift; sourceTree = "<group>"; };
		271ECEFA2A99E8AB00F25B7F /* SignUpView.swift */ = {isa = PBXFileReference; lastKnownFileType = sourcecode.swift; path = SignUpView.swift; sourceTree = "<group>"; };
		271ECEFC2A99E8B500F25B7F /* ContentView.swift */ = {isa = PBXFileReference; lastKnownFileType = sourcecode.swift; path = ContentView.swift; sourceTree = "<group>"; };
		271ECEFE2A99E8BD00F25B7F /* RecipeDetailView.swift */ = {isa = PBXFileReference; lastKnownFileType = sourcecode.swift; path = RecipeDetailView.swift; sourceTree = "<group>"; };
		271ECF002A99E92900F25B7F /* RecipeViewModel.swift */ = {isa = PBXFileReference; lastKnownFileType = sourcecode.swift; path = RecipeViewModel.swift; sourceTree = "<group>"; };
		271ECF042A9A067600F25B7F /* AddRecipeView.swift */ = {isa = PBXFileReference; lastKnownFileType = sourcecode.swift; path = AddRecipeView.swift; sourceTree = "<group>"; };
		271ECF062A9A0EED00F25B7F /* ParentView.swift */ = {isa = PBXFileReference; lastKnownFileType = sourcecode.swift; path = ParentView.swift; sourceTree = "<group>"; };
/* End PBXFileReference section */

/* Begin PBXFrameworksBuildPhase section */
		271ECECD2A99DBE200F25B7F /* Frameworks */ = {
			isa = PBXFrameworksBuildPhase;
			buildActionMask = 2147483647;
			files = (
				271ECEEB2A99DD3600F25B7F /* FirebaseFirestoreSwift in Frameworks */,
				271ECEE72A99DD3600F25B7F /* FirebaseDatabaseSwift in Frameworks */,
				271ECEE92A99DD3600F25B7F /* FirebaseFirestore in Frameworks */,
				271ECEE52A99DD3600F25B7F /* FirebaseDatabase in Frameworks */,
				271ECEE32A99DD3600F25B7F /* FirebaseAuth in Frameworks */,
			);
			runOnlyForDeploymentPostprocessing = 0;
		};
/* End PBXFrameworksBuildPhase section */

/* Begin PBXGroup section */
		271ECEC72A99DBE200F25B7F = {
			isa = PBXGroup;
			children = (
				271ECED22A99DBE200F25B7F /* recipe-blog-trial-project */,
				271ECED12A99DBE200F25B7F /* Products */,
			);
			sourceTree = "<group>";
		};
		271ECED12A99DBE200F25B7F /* Products */ = {
			isa = PBXGroup;
			children = (
				271ECED02A99DBE200F25B7F /* recipe-blog-trial-project.app */,
			);
			name = Products;
			sourceTree = "<group>";
		};
		271ECED22A99DBE200F25B7F /* recipe-blog-trial-project */ = {
			isa = PBXGroup;
			children = (
				271ECED32A99DBE200F25B7F /* recipe_blog_trial_projectApp.swift */,
				271ECEEE2A99E82300F25B7F /* Models */,
				271ECEEF2A99E83700F25B7F /* Views */,
				271ECEF02A99E84E00F25B7F /* ViewModels */,
				271ECED72A99DBE300F25B7F /* Assets.xcassets */,
				271ECEEC2A99DE0700F25B7F /* GoogleService-Info.plist */,
				271ECED92A99DBE300F25B7F /* Preview Content */,
			);
			path = "recipe-blog-trial-project";
			sourceTree = "<group>";
		};
		271ECED92A99DBE300F25B7F /* Preview Content */ = {
			isa = PBXGroup;
			children = (
				271ECEDA2A99DBE300F25B7F /* Preview Assets.xcassets */,
			);
			path = "Preview Content";
			sourceTree = "<group>";
		};
		271ECEEE2A99E82300F25B7F /* Models */ = {
			isa = PBXGroup;
			children = (
				271ECEF12A99E86900F25B7F /* User.swift */,
				271ECEF32A99E87100F25B7F /* Recipe.swift */,
			);
			path = Models;
			sourceTree = "<group>";
		};
		271ECEEF2A99E83700F25B7F /* Views */ = {
			isa = PBXGroup;
			children = (
				271ECEF52A99E87F00F25B7F /* StartView.swift */,
				271ECEFA2A99E8AB00F25B7F /* SignUpView.swift */,
				271ECEF82A99E89F00F25B7F /* LoginView.swift */,
				271ECEFC2A99E8B500F25B7F /* ContentView.swift */,
				271ECF042A9A067600F25B7F /* AddRecipeView.swift */,
				271ECEFE2A99E8BD00F25B7F /* RecipeDetailView.swift */,
				271ECF062A9A0EED00F25B7F /* ParentView.swift */,
			);
			path = Views;
			sourceTree = "<group>";
		};
		271ECEF02A99E84E00F25B7F /* ViewModels */ = {
			isa = PBXGroup;
			children = (
				271ECF002A99E92900F25B7F /* RecipeViewModel.swift */,
			);
			path = ViewModels;
			sourceTree = "<group>";
		};
/* End PBXGroup section */

/* Begin PBXNativeTarget section */
		271ECECF2A99DBE200F25B7F /* recipe-blog-trial-project */ = {
			isa = PBXNativeTarget;
			buildConfigurationList = 271ECEDE2A99DBE300F25B7F /* Build configuration list for PBXNativeTarget "recipe-blog-trial-project" */;
			buildPhases = (
				271ECECC2A99DBE200F25B7F /* Sources */,
				271ECECD2A99DBE200F25B7F /* Frameworks */,
				271ECECE2A99DBE200F25B7F /* Resources */,
			);
			buildRules = (
			);
			dependencies = (
			);
			name = "recipe-blog-trial-project";
			packageProductDependencies = (
				271ECEE22A99DD3600F25B7F /* FirebaseAuth */,
				271ECEE42A99DD3600F25B7F /* FirebaseDatabase */,
				271ECEE62A99DD3600F25B7F /* FirebaseDatabaseSwift */,
				271ECEE82A99DD3600F25B7F /* FirebaseFirestore */,
				271ECEEA2A99DD3600F25B7F /* FirebaseFirestoreSwift */,
			);
			productName = "recipe-blog-trial-project";
			productReference = 271ECED02A99DBE200F25B7F /* recipe-blog-trial-project.app */;
			productType = "com.apple.product-type.application";
		};
/* End PBXNativeTarget section */

/* Begin PBXProject section */
		271ECEC82A99DBE200F25B7F /* Project object */ = {
			isa = PBXProject;
			attributes = {
				BuildIndependentTargetsInParallel = 1;
				LastSwiftUpdateCheck = 1430;
				LastUpgradeCheck = 1430;
				TargetAttributes = {
					271ECECF2A99DBE200F25B7F = {
						CreatedOnToolsVersion = 14.3.1;
					};
				};
			};
			buildConfigurationList = 271ECECB2A99DBE200F25B7F /* Build configuration list for PBXProject "recipe-blog-trial-project" */;
			compatibilityVersion = "Xcode 14.0";
			developmentRegion = en;
			hasScannedForEncodings = 0;
			knownRegions = (
				en,
				Base,
			);
			mainGroup = 271ECEC72A99DBE200F25B7F;
			packageReferences = (
				271ECEE12A99DD3600F25B7F /* XCRemoteSwiftPackageReference "firebase-ios-sdk" */,
			);
			productRefGroup = 271ECED12A99DBE200F25B7F /* Products */;
			projectDirPath = "";
			projectRoot = "";
			targets = (
				271ECECF2A99DBE200F25B7F /* recipe-blog-trial-project */,
			);
		};
/* End PBXProject section */

/* Begin PBXResourcesBuildPhase section */
		271ECECE2A99DBE200F25B7F /* Resources */ = {
			isa = PBXResourcesBuildPhase;
			buildActionMask = 2147483647;
			files = (
				271ECEDB2A99DBE300F25B7F /* Preview Assets.xcassets in Resources */,
				271ECED82A99DBE300F25B7F /* Assets.xcassets in Resources */,
				271ECEED2A99DE0700F25B7F /* GoogleService-Info.plist in Resources */,
			);
			runOnlyForDeploymentPostprocessing = 0;
		};
/* End PBXResourcesBuildPhase section */

/* Begin PBXSourcesBuildPhase section */
		271ECECC2A99DBE200F25B7F /* Sources */ = {
			isa = PBXSourcesBuildPhase;
			buildActionMask = 2147483647;
			files = (
				271ECEF92A99E89F00F25B7F /* LoginView.swift in Sources */,
				271ECEFF2A99E8BD00F25B7F /* RecipeDetailView.swift in Sources */,
				271ECEFD2A99E8B500F25B7F /* ContentView.swift in Sources */,
				271ECED42A99DBE200F25B7F /* recipe_blog_trial_projectApp.swift in Sources */,
				271ECF052A9A067700F25B7F /* AddRecipeView.swift in Sources */,
				271ECEFB2A99E8AB00F25B7F /* SignUpView.swift in Sources */,
				271ECEF62A99E87F00F25B7F /* StartView.swift in Sources */,
				271ECEF22A99E86900F25B7F /* User.swift in Sources */,
				271ECF072A9A0EED00F25B7F /* ParentView.swift in Sources */,
				271ECF012A99E92900F25B7F /* RecipeViewModel.swift in Sources */,
				271ECEF42A99E87100F25B7F /* Recipe.swift in Sources */,
			);
			runOnlyForDeploymentPostprocessing = 0;
		};
/* End PBXSourcesBuildPhase section */

/* Begin XCBuildConfiguration section */
		271ECEDC2A99DBE300F25B7F /* Debug */ = {
			isa = XCBuildConfiguration;
			buildSettings = {
				ALWAYS_SEARCH_USER_PATHS = NO;
				CLANG_ANALYZER_NONNULL = YES;
				CLANG_ANALYZER_NUMBER_OBJECT_CONVERSION = YES_AGGRESSIVE;
				CLANG_CXX_LANGUAGE_STANDARD = "gnu++20";
				CLANG_ENABLE_MODULES = YES;
				CLANG_ENABLE_OBJC_ARC = YES;
				CLANG_ENABLE_OBJC_WEAK = YES;
				CLANG_WARN_BLOCK_CAPTURE_AUTORELEASING = YES;
				CLANG_WARN_BOOL_CONVERSION = YES;
				CLANG_WARN_COMMA = YES;
				CLANG_WARN_CONSTANT_CONVERSION = YES;
				CLANG_WARN_DEPRECATED_OBJC_IMPLEMENTATIONS = YES;
				CLANG_WARN_DIRECT_OBJC_ISA_USAGE = YES_ERROR;
				CLANG_WARN_DOCUMENTATION_COMMENTS = YES;
				CLANG_WARN_EMPTY_BODY = YES;
				CLANG_WARN_ENUM_CONVERSION = YES;
				CLANG_WARN_INFINITE_RECURSION = YES;
				CLANG_WARN_INT_CONVERSION = YES;
				CLANG_WARN_NON_LITERAL_NULL_CONVERSION = YES;
				CLANG_WARN_OBJC_IMPLICIT_RETAIN_SELF = YES;
				CLANG_WARN_OBJC_LITERAL_CONVERSION = YES;
				CLANG_WARN_OBJC_ROOT_CLASS = YES_ERROR;
				CLANG_WARN_QUOTED_INCLUDE_IN_FRAMEWORK_HEADER = YES;
				CLANG_WARN_RANGE_LOOP_ANALYSIS = YES;
				CLANG_WARN_STRICT_PROTOTYPES = YES;
				CLANG_WARN_SUSPICIOUS_MOVE = YES;
				CLANG_WARN_UNGUARDED_AVAILABILITY = YES_AGGRESSIVE;
				CLANG_WARN_UNREACHABLE_CODE = YES;
				CLANG_WARN__DUPLICATE_METHOD_MATCH = YES;
				COPY_PHASE_STRIP = NO;
				DEBUG_INFORMATION_FORMAT = dwarf;
				ENABLE_STRICT_OBJC_MSGSEND = YES;
				ENABLE_TESTABILITY = YES;
				GCC_C_LANGUAGE_STANDARD = gnu11;
				GCC_DYNAMIC_NO_PIC = NO;
				GCC_NO_COMMON_BLOCKS = YES;
				GCC_OPTIMIZATION_LEVEL = 0;
				GCC_PREPROCESSOR_DEFINITIONS = (
					"DEBUG=1",
					"$(inherited)",
				);
				GCC_WARN_64_TO_32_BIT_CONVERSION = YES;
				GCC_WARN_ABOUT_RETURN_TYPE = YES_ERROR;
				GCC_WARN_UNDECLARED_SELECTOR = YES;
				GCC_WARN_UNINITIALIZED_AUTOS = YES_AGGRESSIVE;
				GCC_WARN_UNUSED_FUNCTION = YES;
				GCC_WARN_UNUSED_VARIABLE = YES;
				IPHONEOS_DEPLOYMENT_TARGET = 16.4;
				MTL_ENABLE_DEBUG_INFO = INCLUDE_SOURCE;
				MTL_FAST_MATH = YES;
				ONLY_ACTIVE_ARCH = YES;
				SDKROOT = iphoneos;
				SWIFT_ACTIVE_COMPILATION_CONDITIONS = DEBUG;
				SWIFT_OPTIMIZATION_LEVEL = "-Onone";
			};
			name = Debug;
		};
		271ECEDD2A99DBE300F25B7F /* Release */ = {
			isa = XCBuildConfiguration;
			buildSettings = {
				ALWAYS_SEARCH_USER_PATHS = NO;
				CLANG_ANALYZER_NONNULL = YES;
				CLANG_ANALYZER_NUMBER_OBJECT_CONVERSION = YES_AGGRESSIVE;
				CLANG_CXX_LANGUAGE_STANDARD = "gnu++20";
				CLANG_ENABLE_MODULES = YES;
				CLANG_ENABLE_OBJC_ARC = YES;
				CLANG_ENABLE_OBJC_WEAK = YES;
				CLANG_WARN_BLOCK_CAPTURE_AUTORELEASING = YES;
				CLANG_WARN_BOOL_CONVERSION = YES;
				CLANG_WARN_COMMA = YES;
				CLANG_WARN_CONSTANT_CONVERSION = YES;
				CLANG_WARN_DEPRECATED_OBJC_IMPLEMENTATIONS = YES;
				CLANG_WARN_DIRECT_OBJC_ISA_USAGE = YES_ERROR;
				CLANG_WARN_DOCUMENTATION_COMMENTS = YES;
				CLANG_WARN_EMPTY_BODY = YES;
				CLANG_WARN_ENUM_CONVERSION = YES;
				CLANG_WARN_INFINITE_RECURSION = YES;
				CLANG_WARN_INT_CONVERSION = YES;
				CLANG_WARN_NON_LITERAL_NULL_CONVERSION = YES;
				CLANG_WARN_OBJC_IMPLICIT_RETAIN_SELF = YES;
				CLANG_WARN_OBJC_LITERAL_CONVERSION = YES;
				CLANG_WARN_OBJC_ROOT_CLASS = YES_ERROR;
				CLANG_WARN_QUOTED_INCLUDE_IN_FRAMEWORK_HEADER = YES;
				CLANG_WARN_RANGE_LOOP_ANALYSIS = YES;
				CLANG_WARN_STRICT_PROTOTYPES = YES;
				CLANG_WARN_SUSPICIOUS_MOVE = YES;
				CLANG_WARN_UNGUARDED_AVAILABILITY = YES_AGGRESSIVE;
				CLANG_WARN_UNREACHABLE_CODE = YES;
				CLANG_WARN__DUPLICATE_METHOD_MATCH = YES;
				COPY_PHASE_STRIP = NO;
				DEBUG_INFORMATION_FORMAT = "dwarf-with-dsym";
				ENABLE_NS_ASSERTIONS = NO;
				ENABLE_STRICT_OBJC_MSGSEND = YES;
				GCC_C_LANGUAGE_STANDARD = gnu11;
				GCC_NO_COMMON_BLOCKS = YES;
				GCC_WARN_64_TO_32_BIT_CONVERSION = YES;
				GCC_WARN_ABOUT_RETURN_TYPE = YES_ERROR;
				GCC_WARN_UNDECLARED_SELECTOR = YES;
				GCC_WARN_UNINITIALIZED_AUTOS = YES_AGGRESSIVE;
				GCC_WARN_UNUSED_FUNCTION = YES;
				GCC_WARN_UNUSED_VARIABLE = YES;
				IPHONEOS_DEPLOYMENT_TARGET = 16.4;
				MTL_ENABLE_DEBUG_INFO = NO;
				MTL_FAST_MATH = YES;
				SDKROOT = iphoneos;
				SWIFT_COMPILATION_MODE = wholemodule;
				SWIFT_OPTIMIZATION_LEVEL = "-O";
				VALIDATE_PRODUCT = YES;
			};
			name = Release;
		};
		271ECEDF2A99DBE300F25B7F /* Debug */ = {
			isa = XCBuildConfiguration;
			buildSettings = {
				ASSETCATALOG_COMPILER_APPICON_NAME = AppIcon;
				ASSETCATALOG_COMPILER_GLOBAL_ACCENT_COLOR_NAME = AccentColor;
				CODE_SIGN_STYLE = Automatic;
				CURRENT_PROJECT_VERSION = 1;
				DEVELOPMENT_ASSET_PATHS = "\"recipe-blog-trial-project/Preview Content\"";
				DEVELOPMENT_TEAM = 4V2PXZWU86;
				ENABLE_PREVIEWS = YES;
				GENERATE_INFOPLIST_FILE = YES;
				INFOPLIST_KEY_UIApplicationSceneManifest_Generation = YES;
				INFOPLIST_KEY_UIApplicationSupportsIndirectInputEvents = YES;
				INFOPLIST_KEY_UILaunchScreen_Generation = YES;
				INFOPLIST_KEY_UISupportedInterfaceOrientations_iPad = "UIInterfaceOrientationPortrait UIInterfaceOrientationPortraitUpsideDown UIInterfaceOrientationLandscapeLeft UIInterfaceOrientationLandscapeRight";
				INFOPLIST_KEY_UISupportedInterfaceOrientations_iPhone = "UIInterfaceOrientationPortrait UIInterfaceOrientationLandscapeLeft UIInterfaceOrientationLandscapeRight";
				LD_RUNPATH_SEARCH_PATHS = (
					"$(inherited)",
					"@executable_path/Frameworks",
				);
				MARKETING_VERSION = 1.0;
				PRODUCT_BUNDLE_IDENTIFIER = "com.kyle.recipe-blog-trial-project";
				PRODUCT_NAME = "$(TARGET_NAME)";
				SWIFT_EMIT_LOC_STRINGS = YES;
				SWIFT_VERSION = 5.0;
				TARGETED_DEVICE_FAMILY = "1,2";
			};
			name = Debug;
		};
		271ECEE02A99DBE300F25B7F /* Release */ = {
			isa = XCBuildConfiguration;
			buildSettings = {
				ASSETCATALOG_COMPILER_APPICON_NAME = AppIcon;
				ASSETCATALOG_COMPILER_GLOBAL_ACCENT_COLOR_NAME = AccentColor;
				CODE_SIGN_STYLE = Automatic;
				CURRENT_PROJECT_VERSION = 1;
				DEVELOPMENT_ASSET_PATHS = "\"recipe-blog-trial-project/Preview Content\"";
				DEVELOPMENT_TEAM = 4V2PXZWU86;
				ENABLE_PREVIEWS = YES;
				GENERATE_INFOPLIST_FILE = YES;
				INFOPLIST_KEY_UIApplicationSceneManifest_Generation = YES;
				INFOPLIST_KEY_UIApplicationSupportsIndirectInputEvents = YES;
				INFOPLIST_KEY_UILaunchScreen_Generation = YES;
				INFOPLIST_KEY_UISupportedInterfaceOrientations_iPad = "UIInterfaceOrientationPortrait UIInterfaceOrientationPortraitUpsideDown UIInterfaceOrientationLandscapeLeft UIInterfaceOrientationLandscapeRight";
				INFOPLIST_KEY_UISupportedInterfaceOrientations_iPhone = "UIInterfaceOrientationPortrait UIInterfaceOrientationLandscapeLeft UIInterfaceOrientationLandscapeRight";
				LD_RUNPATH_SEARCH_PATHS = (
					"$(inherited)",
					"@executable_path/Frameworks",
				);
				MARKETING_VERSION = 1.0;
				PRODUCT_BUNDLE_IDENTIFIER = "com.kyle.recipe-blog-trial-project";
				PRODUCT_NAME = "$(TARGET_NAME)";
				SWIFT_EMIT_LOC_STRINGS = YES;
				SWIFT_VERSION = 5.0;
				TARGETED_DEVICE_FAMILY = "1,2";
			};
			name = Release;
		};
/* End XCBuildConfiguration section */

/* Begin XCConfigurationList section */
		271ECECB2A99DBE200F25B7F /* Build configuration list for PBXProject "recipe-blog-trial-project" */ = {
			isa = XCConfigurationList;
			buildConfigurations = (
				271ECEDC2A99DBE300F25B7F /* Debug */,
				271ECEDD2A99DBE300F25B7F /* Release */,
			);
			defaultConfigurationIsVisible = 0;
			defaultConfigurationName = Release;
		};
		271ECEDE2A99DBE300F25B7F /* Build configuration list for PBXNativeTarget "recipe-blog-trial-project" */ = {
			isa = XCConfigurationList;
			buildConfigurations = (
				271ECEDF2A99DBE300F25B7F /* Debug */,
				271ECEE02A99DBE300F25B7F /* Release */,
			);
			defaultConfigurationIsVisible = 0;
			defaultConfigurationName = Release;
		};
/* End XCConfigurationList section */

/* Begin XCRemoteSwiftPackageReference section */
		271ECEE12A99DD3600F25B7F /* XCRemoteSwiftPackageReference "firebase-ios-sdk" */ = {
			isa = XCRemoteSwiftPackageReference;
			repositoryURL = "https://github.com/firebase/firebase-ios-sdk";
			requirement = {
				kind = upToNextMajorVersion;
				minimumVersion = 10.0.0;
			};
		};
/* End XCRemoteSwiftPackageReference section */

/* Begin XCSwiftPackageProductDependency section */
		271ECEE22A99DD3600F25B7F /* FirebaseAuth */ = {
			isa = XCSwiftPackageProductDependency;
			package = 271ECEE12A99DD3600F25B7F /* XCRemoteSwiftPackageReference "firebase-ios-sdk" */;
			productName = FirebaseAuth;
		};
		271ECEE42A99DD3600F25B7F /* FirebaseDatabase */ = {
			isa = XCSwiftPackageProductDependency;
			package = 271ECEE12A99DD3600F25B7F /* XCRemoteSwiftPackageReference "firebase-ios-sdk" */;
			productName = FirebaseDatabase;
		};
		271ECEE62A99DD3600F25B7F /* FirebaseDatabaseSwift */ = {
			isa = XCSwiftPackageProductDependency;
			package = 271ECEE12A99DD3600F25B7F /* XCRemoteSwiftPackageReference "firebase-ios-sdk" */;
			productName = FirebaseDatabaseSwift;
		};
		271ECEE82A99DD3600F25B7F /* FirebaseFirestore */ = {
			isa = XCSwiftPackageProductDependency;
			package = 271ECEE12A99DD3600F25B7F /* XCRemoteSwiftPackageReference "firebase-ios-sdk" */;
			productName = FirebaseFirestore;
		};
		271ECEEA2A99DD3600F25B7F /* FirebaseFirestoreSwift */ = {
			isa = XCSwiftPackageProductDependency;
			package = 271ECEE12A99DD3600F25B7F /* XCRemoteSwiftPackageReference "firebase-ios-sdk" */;
			productName = FirebaseFirestoreSwift;
		};
/* End XCSwiftPackageProductDependency section */
	};
	rootObject = 271ECEC82A99DBE200F25B7F /* Project object */;
}
